
Microsoft Visual Studio Solution File, Format Version 12.00
# Visual Studio Version 17
VisualStudioVersion = 17.4.33122.133
MinimumVisualStudioVersion = 10.0.40219.1
Project("{FAE04EC0-301F-11D3-BF4B-00C04F79EFBC}") = "QuizApp", "QuizApp\QuizApp.csproj", "{7CF263EA-69BF-43FA-8F03-F5827590AC2A}"
EndProject
Global
	GlobalSection(SolutionConfigurationPlatforms) = preSolution
		Debug|Any CPU = Debug|Any CPU
		Release|Any CPU = Release|Any CPU
	EndGlobalSection
	GlobalSection(ProjectConfigurationPlatforms) = postSolution
		{7CF263EA-69BF-43FA-8F03-F5827590AC2A}.Debug|Any CPU.ActiveCfg = Debug|Any CPU
		{7CF263EA-69BF-43FA-8F03-F5827590AC2A}.Debug|Any CPU.Build.0 = Debug|Any CPU
		{7CF263EA-69BF-43FA-8F03-F5827590AC2A}.Release|Any CPU.ActiveCfg = Release|Any CPU
		{7CF263EA-69BF-43FA-8F03-F5827590AC2A}.Release|Any CPU.Build.0 = Release|Any CPU
	EndGlobalSection
	GlobalSection(SolutionProperties) = preSolution
		HideSolutionNode = FALSE
	EndGlobalSection
	GlobalSection(ExtensibilityGlobals) = postSolution
		SolutionGuid = {05A768D8-DD84-4CFF-A6B9-AFD28E1E9C89}
	EndGlobalSection
EndGlobal
